{
  "name": "haddhi",
  "version": "0.0.1",
  "lockfileVersion": 3,
  "requires": true,
  "packages": {
    "": {
      "name": "haddhi",
      "version": "0.0.1",
      "license": "MIT",
      "dependencies": {
        "playwright": "^1.59.1"
      },
      "bin": {
        "haddhi": "dist/cli.js"
      },
      "devDependencies": {
        "@types/node": "^24.12.2"
      }
    },
    "../../node_modules/.pnpm/playwright@1.59.1/node_modules/playwright": {
      "version": "1.59.1",
      "license": "Apache-2.0",
      "dependencies": {
        "playwright-core": "1.59.1"
      },
      "bin": {
        "playwright": "cli.js"
      },
      "engines": {
        "node": ">=18"
      },
      "optionalDependencies": {
        "fsevents": "2.3.2"
      }
    },
    "node_modules/@types/node": {
      "version": "24.12.2",
      "resolved": "https://registry.npmjs.org/@types/node/-/node-24.12.2.tgz",
      "integrity": "sha512-A1sre26ke7HDIuY/M23nd9gfB+nrmhtYyMINbjI1zHJxYteKR6qSMX56FsmjMcDb3SMcjJg5BiRRgOCC/yBD0g==",
      "dev": true,
      "license": "MIT",
      "dependencies": {
        "undici-types": "~7.16.0"
      }
    },
    "node_modules/playwright": {
      "resolved": "../../node_modules/.pnpm/playwright@1.59.1/node_modules/playwright",
      "link": true
    },
    "node_modules/undici-types": {
      "version": "7.16.0",
      "resolved": "https://registry.npmjs.org/undici-types/-/undici-types-7.16.0.tgz",
      "integrity": "sha512-Zz+aZWSj8LE6zoxD+xrjh4VfkIG8Ya6LvYkZqtUQGJPZjYl53ypCaUwWqo7eI0x66KBGeRo+mlBEkMSeSZ38Nw==",
      "dev": true,
      "license": "MIT"
    }
  }
}
